// !$*UTF8*$!
{
	archiveVersion = 1;
	classes = {
	};
	objectVersion = 56;
	objects = {

/* Begin PBXBuildFile section */
		9E809C352A888B700065C9B0 /* AppDelegate.swift in Sources */ = {isa = PBXBuildFile; fileRef = 9E809C342A888B700065C9B0 /* AppDelegate.swift */; };
		9E809C372A888B700065C9B0 /* SceneDelegate.swift in Sources */ = {isa = PBXBuildFile; fileRef = 9E809C362A888B700065C9B0 /* SceneDelegate.swift */; };
		9E809C3E2A888B720065C9B0 /* Assets.xcassets in Resources */ = {isa = PBXBuildFile; fileRef = 9E809C3D2A888B720065C9B0 /* Assets.xcassets */; };
		9E809C4E2A888CD80065C9B0 /* LoginVC.swift in Sources */ = {isa = PBXBuildFile; fileRef = 9E809C4C2A888CD80065C9B0 /* LoginVC.swift */; };
		9E809C4F2A888CD80065C9B0 /* LoginVC.xib in Resources */ = {isa = PBXBuildFile; fileRef = 9E809C4D2A888CD80065C9B0 /* LoginVC.xib */; };
		9E809C512A888CFF0065C9B0 /* LoginViewModel.swift in Sources */ = {isa = PBXBuildFile; fileRef = 9E809C502A888CFF0065C9B0 /* LoginViewModel.swift */; };
		9E809C562A888D4A0065C9B0 /* HomeVC.swift in Sources */ = {isa = PBXBuildFile; fileRef = 9E809C542A888D4A0065C9B0 /* HomeVC.swift */; };
		9E809C572A888D4A0065C9B0 /* HomeVC.xib in Resources */ = {isa = PBXBuildFile; fileRef = 9E809C552A888D4A0065C9B0 /* HomeVC.xib */; };
		9E809C592A888D630065C9B0 /* HomeViewModel.swift in Sources */ = {isa = PBXBuildFile; fileRef = 9E809C582A888D630065C9B0 /* HomeViewModel.swift */; };
		9E809C5B2A888E080065C9B0 /* NibViewController.swift in Sources */ = {isa = PBXBuildFile; fileRef = 9E809C5A2A888E080065C9B0 /* NibViewController.swift */; };
		9E809C5D2A88A2F50065C9B0 /* Observable.swift in Sources */ = {isa = PBXBuildFile; fileRef = 9E809C5C2A88A2F50065C9B0 /* Observable.swift */; };
/* End PBXBuildFile section */

/* Begin PBXFileReference section */
		9E809C312A888B700065C9B0 /* MVVM_Xib.app */ = {isa = PBXFileReference; explicitFileType = wrapper.application; includeInIndex = 0; path = MVVM_Xib.app; sourceTree = BUILT_PRODUCTS_DIR; };
		9E809C342A888B700065C9B0 /* AppDelegate.swift */ = {isa = PBXFileReference; lastKnownFileType = sourcecode.swift; path = AppDelegate.swift; sourceTree = "<group>"; };
		9E809C362A888B700065C9B0 /* SceneDelegate.swift */ = {isa = PBXFileReference; lastKnownFileType = sourcecode.swift; path = SceneDelegate.swift; sourceTree = "<group>"; };
		9E809C3D2A888B720065C9B0 /* Assets.xcassets */ = {isa = PBXFileReference; lastKnownFileType = folder.assetcatalog; path = Assets.xcassets; sourceTree = "<group>"; };
		9E809C422A888B720065C9B0 /* Info.plist */ = {isa = PBXFileReference; lastKnownFileType = text.plist.xml; path = Info.plist; sourceTree = "<group>"; };
		9E809C4C2A888CD80065C9B0 /* LoginVC.swift */ = {isa = PBXFileReference; lastKnownFileType = sourcecode.swift; path = LoginVC.swift; sourceTree = "<group>"; };
		9E809C4D2A888CD80065C9B0 /* LoginVC.xib */ = {isa = PBXFileReference; lastKnownFileType = file.xib; path = LoginVC.xib; sourceTree = "<group>"; };
		9E809C502A888CFF0065C9B0 /* LoginViewModel.swift */ = {isa = PBXFileReference; lastKnownFileType = sourcecode.swift; path = LoginViewModel.swift; sourceTree = "<group>"; };
		9E809C542A888D4A0065C9B0 /* HomeVC.swift */ = {isa = PBXFileReference; lastKnownFileType = sourcecode.swift; path = HomeVC.swift; sourceTree = "<group>"; };
		9E809C552A888D4A0065C9B0 /* HomeVC.xib */ = {isa = PBXFileReference; lastKnownFileType = file.xib; path = HomeVC.xib; sourceTree = "<group>"; };
		9E809C582A888D630065C9B0 /* HomeViewModel.swift */ = {isa = PBXFileReference; lastKnownFileType = sourcecode.swift; path = HomeViewModel.swift; sourceTree = "<group>"; };
		9E809C5A2A888E080065C9B0 /* NibViewController.swift */ = {isa = PBXFileReference; fileEncoding = 4; lastKnownFileType = sourcecode.swift; path = NibViewController.swift; sourceTree = "<group>"; };
		9E809C5C2A88A2F50065C9B0 /* Observable.swift */ = {isa = PBXFileReference; fileEncoding = 4; lastKnownFileType = sourcecode.swift; path = Observable.swift; sourceTree = "<group>"; };
/* End PBXFileReference section */

/* Begin PBXFrameworksBuildPhase section */
		9E809C2E2A888B700065C9B0 /* Frameworks */ = {
			isa = PBXFrameworksBuildPhase;
			buildActionMask = 2147483647;
			files = (
			);
			runOnlyForDeploymentPostprocessing = 0;
		};
/* End PBXFrameworksBuildPhase section */

/* Begin PBXGroup section */
		9E809C282A888B700065C9B0 = {
			isa = PBXGroup;
			children = (
				9E809C332A888B700065C9B0 /* MVVM_Xib */,
				9E809C322A888B700065C9B0 /* Products */,
			);
			sourceTree = "<group>";
		};
		9E809C322A888B700065C9B0 /* Products */ = {
			isa = PBXGroup;
			children = (
				9E809C312A888B700065C9B0 /* MVVM_Xib.app */,
			);
			name = Products;
			sourceTree = "<group>";
		};
		9E809C332A888B700065C9B0 /* MVVM_Xib */ = {
			isa = PBXGroup;
			children = (
				9E809C482A888BBD0065C9B0 /* Login */,
				9E809C492A888C460065C9B0 /* Home */,
				9E809C342A888B700065C9B0 /* AppDelegate.swift */,
				9E809C362A888B700065C9B0 /* SceneDelegate.swift */,
				9E809C3D2A888B720065C9B0 /* Assets.xcassets */,
				9E809C422A888B720065C9B0 /* Info.plist */,
				9E809C5A2A888E080065C9B0 /* NibViewController.swift */,
				9E809C5C2A88A2F50065C9B0 /* Observable.swift */,
			);
			path = MVVM_Xib;
			sourceTree = "<group>";
		};
		9E809C482A888BBD0065C9B0 /* Login */ = {
			isa = PBXGroup;
			children = (
				9E809C4A2A888C630065C9B0 /* View */,
				9E809C4B2A888C870065C9B0 /* ViewModel */,
			);
			path = Login;
			sourceTree = "<group>";
		};
		9E809C492A888C460065C9B0 /* Home */ = {
			isa = PBXGroup;
			children = (
				9E809C532A888D210065C9B0 /* View */,
				9E809C522A888D100065C9B0 /* ViewModel */,
			);
			path = Home;
			sourceTree = "<group>";
		};
		9E809C4A2A888C630065C9B0 /* View */ = {
			isa = PBXGroup;
			children = (
				9E809C4C2A888CD80065C9B0 /* LoginVC.swift */,
				9E809C4D2A888CD80065C9B0 /* LoginVC.xib */,
			);
			path = View;
			sourceTree = "<group>";
		};
		9E809C4B2A888C870065C9B0 /* ViewModel */ = {
			isa = PBXGroup;
			children = (
				9E809C502A888CFF0065C9B0 /* LoginViewModel.swift */,
			);
			path = ViewModel;
			sourceTree = "<group>";
		};
		9E809C522A888D100065C9B0 /* ViewModel */ = {
			isa = PBXGroup;
			children = (
				9E809C582A888D630065C9B0 /* HomeViewModel.swift */,
			);
			path = ViewModel;
			sourceTree = "<group>";
		};
		9E809C532A888D210065C9B0 /* View */ = {
			isa = PBXGroup;
			children = (
				9E809C542A888D4A0065C9B0 /* HomeVC.swift */,
				9E809C552A888D4A0065C9B0 /* HomeVC.xib */,
			);
			path = View;
			sourceTree = "<group>";
		};
/* End PBXGroup section */

/* Begin PBXNativeTarget section */
		9E809C302A888B700065C9B0 /* MVVM_Xib */ = {
			isa = PBXNativeTarget;
			buildConfigurationList = 9E809C452A888B720065C9B0 /* Build configuration list for PBXNativeTarget "MVVM_Xib" */;
			buildPhases = (
				9E809C2D2A888B700065C9B0 /* Sources */,
				9E809C2E2A888B700065C9B0 /* Frameworks */,
				9E809C2F2A888B700065C9B0 /* Resources */,
			);
			buildRules = (
			);
			dependencies = (
			);
			name = MVVM_Xib;
			productName = MVVM_Xib;
			productReference = 9E809C312A888B700065C9B0 /* MVVM_Xib.app */;
			productType = "com.apple.product-type.application";
		};
/* End PBXNativeTarget section */

/* Begin PBXProject section */
		9E809C292A888B700065C9B0 /* Project object */ = {
			isa = PBXProject;
			attributes = {
				BuildIndependentTargetsInParallel = 1;
				LastSwiftUpdateCheck = 1420;
				LastUpgradeCheck = 1420;
				TargetAttributes = {
					9E809C302A888B700065C9B0 = {
						CreatedOnToolsVersion = 14.2;
					};
				};
			};
			buildConfigurationList = 9E809C2C2A888B700065C9B0 /* Build configuration list for PBXProject "MVVM_Xib" */;
			compatibilityVersion = "Xcode 14.0";
			developmentRegion = en;
			hasScannedForEncodings = 0;
			knownRegions = (
				en,
				Base,
			);
			mainGroup = 9E809C282A888B700065C9B0;
			productRefGroup = 9E809C322A888B700065C9B0 /* Products */;
			projectDirPath = "";
			projectRoot = "";
			targets = (
				9E809C302A888B700065C9B0 /* MVVM_Xib */,
			);
		};
/* End PBXProject section */

/* Begin PBXResourcesBuildPhase section */
		9E809C2F2A888B700065C9B0 /* Resources */ = {
			isa = PBXResourcesBuildPhase;
			buildActionMask = 2147483647;
			files = (
				9E809C3E2A888B720065C9B0 /* Assets.xcassets in Resources */,
				9E809C572A888D4A0065C9B0 /* HomeVC.xib in Resources */,
				9E809C4F2A888CD80065C9B0 /* LoginVC.xib in Resources */,
			);
			runOnlyForDeploymentPostprocessing = 0;
		};
/* End PBXResourcesBuildPhase section */

/* Begin PBXSourcesBuildPhase section */
		9E809C2D2A888B700065C9B0 /* Sources */ = {
			isa = PBXSourcesBuildPhase;
			buildActionMask = 2147483647;
			files = (
				9E809C5D2A88A2F50065C9B0 /* Observable.swift in Sources */,
				9E809C352A888B700065C9B0 /* AppDelegate.swift in Sources */,
				9E809C5B2A888E080065C9B0 /* NibViewController.swift in Sources */,
				9E809C592A888D630065C9B0 /* HomeViewModel.swift in Sources */,
				9E809C4E2A888CD80065C9B0 /* LoginVC.swift in Sources */,
				9E809C562A888D4A0065C9B0 /* HomeVC.swift in Sources */,
				9E809C512A888CFF0065C9B0 /* LoginViewModel.swift in Sources */,
				9E809C372A888B700065C9B0 /* SceneDelegate.swift in Sources */,
			);
			runOnlyForDeploymentPostprocessing = 0;
		};
/* End PBXSourcesBuildPhase section */

/* Begin XCBuildConfiguration section */
		9E809C432A888B720065C9B0 /* Debug */ = {
			isa = XCBuildConfiguration;
			buildSettings = {
				ALWAYS_SEARCH_USER_PATHS = NO;
				CLANG_ANALYZER_NONNULL = YES;
				CLANG_ANALYZER_NUMBER_OBJECT_CONVERSION = YES_AGGRESSIVE;
				CLANG_CXX_LANGUAGE_STANDARD = "gnu++20";
				CLANG_ENABLE_MODULES = YES;
				CLANG_ENABLE_OBJC_ARC = YES;
				CLANG_ENABLE_OBJC_WEAK = YES;
				CLANG_WARN_BLOCK_CAPTURE_AUTORELEASING = YES;
				CLANG_WARN_BOOL_CONVERSION = YES;
				CLANG_WARN_COMMA = YES;
				CLANG_WARN_CONSTANT_CONVERSION = YES;
				CLANG_WARN_DEPRECATED_OBJC_IMPLEMENTATIONS = YES;
				CLANG_WARN_DIRECT_OBJC_ISA_USAGE = YES_ERROR;
				CLANG_WARN_DOCUMENTATION_COMMENTS = YES;
				CLANG_WARN_EMPTY_BODY = YES;
				CLANG_WARN_ENUM_CONVERSION = YES;
				CLANG_WARN_INFINITE_RECURSION = YES;
				CLANG_WARN_INT_CONVERSION = YES;
				CLANG_WARN_NON_LITERAL_NULL_CONVERSION = YES;
				CLANG_WARN_OBJC_IMPLICIT_RETAIN_SELF = YES;
				CLANG_WARN_OBJC_LITERAL_CONVERSION = YES;
				CLANG_WARN_OBJC_ROOT_CLASS = YES_ERROR;
				CLANG_WARN_QUOTED_INCLUDE_IN_FRAMEWORK_HEADER = YES;
				CLANG_WARN_RANGE_LOOP_ANALYSIS = YES;
				CLANG_WARN_STRICT_PROTOTYPES = YES;
				CLANG_WARN_SUSPICIOUS_MOVE = YES;
				CLANG_WARN_UNGUARDED_AVAILABILITY = YES_AGGRESSIVE;
				CLANG_WARN_UNREACHABLE_CODE = YES;
				CLANG_WARN__DUPLICATE_METHOD_MATCH = YES;
				COPY_PHASE_STRIP = NO;
				DEBUG_INFORMATION_FORMAT = dwarf;
				ENABLE_STRICT_OBJC_MSGSEND = YES;
				ENABLE_TESTABILITY = YES;
				GCC_C_LANGUAGE_STANDARD = gnu11;
				GCC_DYNAMIC_NO_PIC = NO;
				GCC_NO_COMMON_BLOCKS = YES;
				GCC_OPTIMIZATION_LEVEL = 0;
				GCC_PREPROCESSOR_DEFINITIONS = (
					"DEBUG=1",
					"$(inherited)",
				);
				GCC_WARN_64_TO_32_BIT_CONVERSION = YES;
				GCC_WARN_ABOUT_RETURN_TYPE = YES_ERROR;
				GCC_WARN_UNDECLARED_SELECTOR = YES;
				GCC_WARN_UNINITIALIZED_AUTOS = YES_AGGRESSIVE;
				GCC_WARN_UNUSED_FUNCTION = YES;
				GCC_WARN_UNUSED_VARIABLE = YES;
				IPHONEOS_DEPLOYMENT_TARGET = 16.2;
				MTL_ENABLE_DEBUG_INFO = INCLUDE_SOURCE;
				MTL_FAST_MATH = YES;
				ONLY_ACTIVE_ARCH = YES;
				SDKROOT = iphoneos;
				SWIFT_ACTIVE_COMPILATION_CONDITIONS = DEBUG;
				SWIFT_OPTIMIZATION_LEVEL = "-Onone";
			};
			name = Debug;
		};
		9E809C442A888B720065C9B0 /* Release */ = {
			isa = XCBuildConfiguration;
			buildSettings = {
				ALWAYS_SEARCH_USER_PATHS = NO;
				CLANG_ANALYZER_NONNULL = YES;
				CLANG_ANALYZER_NUMBER_OBJECT_CONVERSION = YES_AGGRESSIVE;
				CLANG_CXX_LANGUAGE_STANDARD = "gnu++20";
				CLANG_ENABLE_MODULES = YES;
				CLANG_ENABLE_OBJC_ARC = YES;
				CLANG_ENABLE_OBJC_WEAK = YES;
				CLANG_WARN_BLOCK_CAPTURE_AUTORELEASING = YES;
				CLANG_WARN_BOOL_CONVERSION = YES;
				CLANG_WARN_COMMA = YES;
				CLANG_WARN_CONSTANT_CONVERSION = YES;
				CLANG_WARN_DEPRECATED_OBJC_IMPLEMENTATIONS = YES;
				CLANG_WARN_DIRECT_OBJC_ISA_USAGE = YES_ERROR;
				CLANG_WARN_DOCUMENTATION_COMMENTS = YES;
				CLANG_WARN_EMPTY_BODY = YES;
				CLANG_WARN_ENUM_CONVERSION = YES;
				CLANG_WARN_INFINITE_RECURSION = YES;
				CLANG_WARN_INT_CONVERSION = YES;
				CLANG_WARN_NON_LITERAL_NULL_CONVERSION = YES;
				CLANG_WARN_OBJC_IMPLICIT_RETAIN_SELF = YES;
				CLANG_WARN_OBJC_LITERAL_CONVERSION = YES;
				CLANG_WARN_OBJC_ROOT_CLASS = YES_ERROR;
				CLANG_WARN_QUOTED_INCLUDE_IN_FRAMEWORK_HEADER = YES;
				CLANG_WARN_RANGE_LOOP_ANALYSIS = YES;
				CLANG_WARN_STRICT_PROTOTYPES = YES;
				CLANG_WARN_SUSPICIOUS_MOVE = YES;
				CLANG_WARN_UNGUARDED_AVAILABILITY = YES_AGGRESSIVE;
				CLANG_WARN_UNREACHABLE_CODE = YES;
				CLANG_WARN__DUPLICATE_METHOD_MATCH = YES;
				COPY_PHASE_STRIP = NO;
				DEBUG_INFORMATION_FORMAT = "dwarf-with-dsym";
				ENABLE_NS_ASSERTIONS = NO;
				ENABLE_STRICT_OBJC_MSGSEND = YES;
				GCC_C_LANGUAGE_STANDARD = gnu11;
				GCC_NO_COMMON_BLOCKS = YES;
				GCC_WARN_64_TO_32_BIT_CONVERSION = YES;
				GCC_WARN_ABOUT_RETURN_TYPE = YES_ERROR;
				GCC_WARN_UNDECLARED_SELECTOR = YES;
				GCC_WARN_UNINITIALIZED_AUTOS = YES_AGGRESSIVE;
				GCC_WARN_UNUSED_FUNCTION = YES;
				GCC_WARN_UNUSED_VARIABLE = YES;
				IPHONEOS_DEPLOYMENT_TARGET = 16.2;
				MTL_ENABLE_DEBUG_INFO = NO;
				MTL_FAST_MATH = YES;
				SDKROOT = iphoneos;
				SWIFT_COMPILATION_MODE = wholemodule;
				SWIFT_OPTIMIZATION_LEVEL = "-O";
				VALIDATE_PRODUCT = YES;
			};
			name = Release;
		};
		9E809C462A888B720065C9B0 /* Debug */ = {
			isa = XCBuildConfiguration;
			buildSettings = {
				ASSETCATALOG_COMPILER_APPICON_NAME = AppIcon;
				ASSETCATALOG_COMPILER_GLOBAL_ACCENT_COLOR_NAME = AccentColor;
				CODE_SIGN_STYLE = Automatic;
				CURRENT_PROJECT_VERSION = 1;
				DEVELOPMENT_TEAM = MRM5486V7B;
				GENERATE_INFOPLIST_FILE = YES;
				INFOPLIST_FILE = MVVM_Xib/Info.plist;
				INFOPLIST_KEY_UIApplicationSupportsIndirectInputEvents = YES;
				INFOPLIST_KEY_UILaunchStoryboardName = LaunchScreen;
				INFOPLIST_KEY_UISupportedInterfaceOrientations_iPad = "UIInterfaceOrientationPortrait UIInterfaceOrientationPortraitUpsideDown UIInterfaceOrientationLandscapeLeft UIInterfaceOrientationLandscapeRight";
				INFOPLIST_KEY_UISupportedInterfaceOrientations_iPhone = "UIInterfaceOrientationPortrait UIInterfaceOrientationLandscapeLeft UIInterfaceOrientationLandscapeRight";
				LD_RUNPATH_SEARCH_PATHS = (
					"$(inherited)",
					"@executable_path/Frameworks",
				);
				MARKETING_VERSION = 1.0;
				PRODUCT_BUNDLE_IDENTIFIER = "iti.MVVM-Xib";
				PRODUCT_NAME = "$(TARGET_NAME)";
				SWIFT_EMIT_LOC_STRINGS = YES;
				SWIFT_VERSION = 5.0;
				TARGETED_DEVICE_FAMILY = "1,2";
			};
			name = Debug;
		};
		9E809C472A888B720065C9B0 /* Release */ = {
			isa = XCBuildConfiguration;
			buildSettings = {
				ASSETCATALOG_COMPILER_APPICON_NAME = AppIcon;
				ASSETCATALOG_COMPILER_GLOBAL_ACCENT_COLOR_NAME = AccentColor;
				CODE_SIGN_STYLE = Automatic;
				CURRENT_PROJECT_VERSION = 1;
				DEVELOPMENT_TEAM = MRM5486V7B;
				GENERATE_INFOPLIST_FILE = YES;
				INFOPLIST_FILE = MVVM_Xib/Info.plist;
				INFOPLIST_KEY_UIApplicationSupportsIndirectInputEvents = YES;
				INFOPLIST_KEY_UILaunchStoryboardName = LaunchScreen;
				INFOPLIST_KEY_UISupportedInterfaceOrientations_iPad = "UIInterfaceOrientationPortrait UIInterfaceOrientationPortraitUpsideDown UIInterfaceOrientationLandscapeLeft UIInterfaceOrientationLandscapeRight";
				INFOPLIST_KEY_UISupportedInterfaceOrientations_iPhone = "UIInterfaceOrientationPortrait UIInterfaceOrientationLandscapeLeft UIInterfaceOrientationLandscapeRight";
				LD_RUNPATH_SEARCH_PATHS = (
					"$(inherited)",
					"@executable_path/Frameworks",
				);
				MARKETING_VERSION = 1.0;
				PRODUCT_BUNDLE_IDENTIFIER = "iti.MVVM-Xib";
				PRODUCT_NAME = "$(TARGET_NAME)";
				SWIFT_EMIT_LOC_STRINGS = YES;
				SWIFT_VERSION = 5.0;
				TARGETED_DEVICE_FAMILY = "1,2";
			};
			name = Release;
		};
/* End XCBuildConfiguration section */

/* Begin XCConfigurationList section */
		9E809C2C2A888B700065C9B0 /* Build configuration list for PBXProject "MVVM_Xib" */ = {
			isa = XCConfigurationList;
			buildConfigurations = (
				9E809C432A888B720065C9B0 /* Debug */,
				9E809C442A888B720065C9B0 /* Release */,
			);
			defaultConfigurationIsVisible = 0;
			defaultConfigurationName = Release;
		};
		9E809C452A888B720065C9B0 /* Build configuration list for PBXNativeTarget "MVVM_Xib" */ = {
			isa = XCConfigurationList;
			buildConfigurations = (
				9E809C462A888B720065C9B0 /* Debug */,
				9E809C472A888B720065C9B0 /* Release */,
			);
			defaultConfigurationIsVisible = 0;
			defaultConfigurationName = Release;
		};
/* End XCConfigurationList section */
	};
	rootObject = 9E809C292A888B700065C9B0 /* Project object */;
}
